
Microsoft Visual Studio Solution File, Format Version 12.00
# Visual Studio Version 17
VisualStudioVersion = 17.11.35312.102
MinimumVisualStudioVersion = 10.0.40219.1
Project("{FAE04EC0-301F-11D3-BF4B-00C04F79EFBC}") = "oblgopg4opg5simpeltcpprotokol", "oblgopg4opg5simpeltcpprotokol\oblgopg4opg5simpeltcpprotokol.csproj", "{D0E72B69-98F4-41DF-9293-ABF3B50638CC}"
EndProject
Global
	GlobalSection(SolutionConfigurationPlatforms) = preSolution
		Debug|Any CPU = Debug|Any CPU
		Release|Any CPU = Release|Any CPU
	EndGlobalSection
	GlobalSection(ProjectConfigurationPlatforms) = postSolution
		{D0E72B69-98F4-41DF-9293-ABF3B50638CC}.Debug|Any CPU.ActiveCfg = Debug|Any CPU
		{D0E72B69-98F4-41DF-9293-ABF3B50638CC}.Debug|Any CPU.Build.0 = Debug|Any CPU
		{D0E72B69-98F4-41DF-9293-ABF3B50638CC}.Release|Any CPU.ActiveCfg = Release|Any CPU
		{D0E72B69-98F4-41DF-9293-ABF3B50638CC}.Release|Any CPU.Build.0 = Release|Any CPU
	EndGlobalSection
	GlobalSection(SolutionProperties) = preSolution
		HideSolutionNode = FALSE
	EndGlobalSection
	GlobalSection(ExtensibilityGlobals) = postSolution
		SolutionGuid = {10D57598-C0AF-4F79-925E-99F1D0E95F9D}
	EndGlobalSection
EndGlobal
